# This file is automatically @generated by Poetry and should not be changed by hand.

[[package]]
name = "tomli"
version = "2.0.1"
description = "A lil' TOML parser"
category = "main"
optional = false
python-versions = ">=3.7"
files = [
    {file = "tomli-2.0.1-py3-none-any.whl", hash = "sha256:939de3e7a6161af0c887ef91b7d41a53e7c5a1ca976325f429cb46ea9bc30ecc"},
    {file = "tomli-2.0.1.tar.gz", hash = "sha256:de526c12914f0c550d15924c62d72abc48d6fe7364aa87328337a31007fe8a4f"},
]

[[package]]
name = "yapf"
version = "0.33.0"
description = "A formatter for Python code."
category = "main"
optional = false
python-versions = "*"
files = [
    {file = "yapf-0.33.0-py2.py3-none-any.whl", hash = "sha256:4c2b59bd5ffe46f3a7da48df87596877189148226ce267c16e8b44240e51578d"},
    {file = "yapf-0.33.0.tar.gz", hash = "sha256:da62bdfea3df3673553351e6246abed26d9fe6780e548a5af9e70f6d2b4f5b9a"},
]

[package.dependencies]
tomli = ">=2.0.1"

[metadata]
lock-version = "2.0"
python-versions = "^3.11"
content-hash = "c5fe808fb48b9439ef9e6e6585e3f30cb53a1d8c4cdc3da21f8afcd8f9e8cdd3"
